
Microsoft Visual Studio Solution File, Format Version 12.00
# Visual Studio Version 17
VisualStudioVersion = 17.6.33829.357
MinimumVisualStudioVersion = 10.0.40219.1
Project("{2150E333-8FDC-42A3-9474-1A3956D46DE8}") = "Services", "Services", "{D0B40C8D-1A4F-4EBD-A573-CD9797FEE853}"
EndProject
Project("{2150E333-8FDC-42A3-9474-1A3956D46DE8}") = "Booking", "Booking", "{459D3761-28E2-4508-916F-BCB9ED475377}"
EndProject
Project("{2150E333-8FDC-42A3-9474-1A3956D46DE8}") = "Parking", "Parking", "{3B64B467-95C0-4E9C-B928-B89C9036733A}"
EndProject
Project("{2150E333-8FDC-42A3-9474-1A3956D46DE8}") = "Reviews", "Reviews", "{7D2814C6-B0DF-40FD-80A2-5DC91357E438}"
EndProject
Project("{9A19103F-16F7-4668-BE54-9A1E7A4F7556}") = "Booking-Api", "Services\Booking\Booking-Api\Booking-Api.csproj", "{7D0EDE2E-2D84-43D8-A62D-E403CC95F55B}"
EndProject
Project("{E53339B2-1760-4266-BCC7-CA923CBCF16C}") = "docker-compose", "docker-compose.dcproj", "{8E070E0B-CE10-402D-9515-60BB82DBB8A3}"
EndProject
Project("{9A19103F-16F7-4668-BE54-9A1E7A4F7556}") = "Parking-Api", "Services\Parking\Parking-Api\Parking-Api.csproj", "{91C7F11D-7DCF-46B5-A5DA-1C8DCC67852C}"
EndProject
Project("{9A19103F-16F7-4668-BE54-9A1E7A4F7556}") = "Reviews-Api", "Services\Reviews\Reviews-Api\Reviews-Api.csproj", "{43D01EE4-D013-484B-B67C-C5503BE2BE27}"
EndProject
Project("{2150E333-8FDC-42A3-9474-1A3956D46DE8}") = "IdentityServer", "IdentityServer", "{1ECE461A-27EA-49BD-93D5-C6AA53F52EA2}"
EndProject
Project("{9A19103F-16F7-4668-BE54-9A1E7A4F7556}") = "Identity-Server", "Services\IdentityServer\Identity-Server\Identity-Server.csproj", "{8C81D702-BE80-44A6-82B7-C1A8A266BE51}"
EndProject
Project("{9A19103F-16F7-4668-BE54-9A1E7A4F7556}") = "GatewayService", "Services\GatewayService\GatewayService\GatewayService.csproj", "{E7EC25A4-824D-4718-B856-57E621140263}"
EndProject
Project("{2150E333-8FDC-42A3-9474-1A3956D46DE8}") = "GatewayService", "GatewayService", "{B6703D67-6E66-4EDE-ABF3-0B42ADC147D2}"
EndProject
Project("{9A19103F-16F7-4668-BE54-9A1E7A4F7556}") = "Booking-Domain", "Services\Booking\Booking-Domain\Booking-Domain.csproj", "{31C42090-41B7-4D11-9973-EA3DCBB51B57}"
EndProject
Project("{9A19103F-16F7-4668-BE54-9A1E7A4F7556}") = "Booking-Infrastructure", "Services\Booking\Booking-Infrastructure\Booking-Infrastructure.csproj", "{CABECB16-3273-4256-B37F-F16816884398}"
EndProject
Project("{9A19103F-16F7-4668-BE54-9A1E7A4F7556}") = "Parking-Domain", "Services\Parking\Parking-Domain\Parking-Domain.csproj", "{7B5DFB28-AB3F-402D-8925-68BA567C8235}"
EndProject
Project("{9A19103F-16F7-4668-BE54-9A1E7A4F7556}") = "Parking-Infrastructure", "Services\Parking\Parking-Infrastructure\Parking-Infrastructure.csproj", "{87B21B44-DA08-4295-AF8B-D2DFE4A52464}"
EndProject
Project("{9A19103F-16F7-4668-BE54-9A1E7A4F7556}") = "Reviews-Domain", "Services\Reviews\Reviews-Domain\Reviews-Domain.csproj", "{FDEF6799-36D2-4605-BD09-59C93087CCCC}"
EndProject
Project("{9A19103F-16F7-4668-BE54-9A1E7A4F7556}") = "Reviews-Infrastructure", "Services\Reviews\Reviews-Infrastructure\Reviews-Infrastructure.csproj", "{7F3F7B5B-CCEE-4627-9209-96BFA5CFC5BD}"
EndProject
Project("{2150E333-8FDC-42A3-9474-1A3956D46DE8}") = "Fines", "Fines", "{5A426BC9-D24C-4263-98EA-FD2905F6FADA}"
EndProject
Project("{9A19103F-16F7-4668-BE54-9A1E7A4F7556}") = "Fines-Domain", "Services\Fines\Fines-Domain\Fines-Domain.csproj", "{378053C3-9F34-4654-A3F3-08A740D0BD80}"
EndProject
Project("{9A19103F-16F7-4668-BE54-9A1E7A4F7556}") = "Fines-Infrastructure", "Services\Fines\Fines-Infrastructure\Fines-Infrastructure.csproj", "{3F75AFE6-3239-4467-B8DE-701012D9C8D4}"
EndProject
Project("{9A19103F-16F7-4668-BE54-9A1E7A4F7556}") = "Fines-Api", "Services\Fines\Fines-Api\Fines-Api.csproj", "{B4672CFE-3A5F-4972-9C05-CBEE2B3C346E}"
EndProject
Project("{9A19103F-16F7-4668-BE54-9A1E7A4F7556}") = "Booking-Grpc", "Services\Booking\Booking-Grpc\Booking-Grpc.csproj", "{C8FE28E6-2F16-41C9-B9E2-D059C7007E4F}"
EndProject
Project("{9A19103F-16F7-4668-BE54-9A1E7A4F7556}") = "Parking-Grpc", "Services\Parking\Parking-Grpc\Parking-Grpc.csproj", "{0F3B8F39-97A9-42A6-91A4-BC182A24AF2F}"
EndProject
Project("{9A19103F-16F7-4668-BE54-9A1E7A4F7556}") = "Booking-Tests", "Services\Booking\Booking-Tests\Booking-Tests.csproj", "{3D6B5207-322E-44F2-9B3C-94B55A76FAAE}"
EndProject
Project("{2150E333-8FDC-42A3-9474-1A3956D46DE8}") = "Config", "Config", "{30E7153C-6648-49E4-9DC3-19C7CD9C3F9D}"
	ProjectSection(SolutionItems) = preProject
		nuget.config = nuget.config
	EndProjectSection
EndProject
Project("{FAE04EC0-301F-11D3-BF4B-00C04F79EFBC}") = "Booking-ServiceBus", "Services\Booking\Booking-ServiceBus\Booking-ServiceBus.csproj", "{40E2F19C-2255-4B13-8668-C3EFF2144285}"
EndProject
Project("{FAE04EC0-301F-11D3-BF4B-00C04F79EFBC}") = "Parking-ServiceBus", "Services\Parking\Parking-ServiceBus\Parking-ServiceBus.csproj", "{0508B9C9-41F8-4B6F-978C-0B1ED6E3A2FE}"
EndProject
Global
	GlobalSection(SolutionConfigurationPlatforms) = preSolution
		Debug|Any CPU = Debug|Any CPU
		Release|Any CPU = Release|Any CPU
	EndGlobalSection
	GlobalSection(ProjectConfigurationPlatforms) = postSolution
		{7D0EDE2E-2D84-43D8-A62D-E403CC95F55B}.Debug|Any CPU.ActiveCfg = Debug|Any CPU
		{7D0EDE2E-2D84-43D8-A62D-E403CC95F55B}.Debug|Any CPU.Build.0 = Debug|Any CPU
		{7D0EDE2E-2D84-43D8-A62D-E403CC95F55B}.Release|Any CPU.ActiveCfg = Release|Any CPU
		{7D0EDE2E-2D84-43D8-A62D-E403CC95F55B}.Release|Any CPU.Build.0 = Release|Any CPU
		{8E070E0B-CE10-402D-9515-60BB82DBB8A3}.Debug|Any CPU.ActiveCfg = Debug|Any CPU
		{8E070E0B-CE10-402D-9515-60BB82DBB8A3}.Debug|Any CPU.Build.0 = Debug|Any CPU
		{8E070E0B-CE10-402D-9515-60BB82DBB8A3}.Release|Any CPU.ActiveCfg = Release|Any CPU
		{8E070E0B-CE10-402D-9515-60BB82DBB8A3}.Release|Any CPU.Build.0 = Release|Any CPU
		{91C7F11D-7DCF-46B5-A5DA-1C8DCC67852C}.Debug|Any CPU.ActiveCfg = Debug|Any CPU
		{91C7F11D-7DCF-46B5-A5DA-1C8DCC67852C}.Debug|Any CPU.Build.0 = Debug|Any CPU
		{91C7F11D-7DCF-46B5-A5DA-1C8DCC67852C}.Release|Any CPU.ActiveCfg = Release|Any CPU
		{91C7F11D-7DCF-46B5-A5DA-1C8DCC67852C}.Release|Any CPU.Build.0 = Release|Any CPU
		{43D01EE4-D013-484B-B67C-C5503BE2BE27}.Debug|Any CPU.ActiveCfg = Debug|Any CPU
		{43D01EE4-D013-484B-B67C-C5503BE2BE27}.Debug|Any CPU.Build.0 = Debug|Any CPU
		{43D01EE4-D013-484B-B67C-C5503BE2BE27}.Release|Any CPU.ActiveCfg = Release|Any CPU
		{43D01EE4-D013-484B-B67C-C5503BE2BE27}.Release|Any CPU.Build.0 = Release|Any CPU
		{8C81D702-BE80-44A6-82B7-C1A8A266BE51}.Debug|Any CPU.ActiveCfg = Debug|Any CPU
		{8C81D702-BE80-44A6-82B7-C1A8A266BE51}.Debug|Any CPU.Build.0 = Debug|Any CPU
		{8C81D702-BE80-44A6-82B7-C1A8A266BE51}.Release|Any CPU.ActiveCfg = Release|Any CPU
		{8C81D702-BE80-44A6-82B7-C1A8A266BE51}.Release|Any CPU.Build.0 = Release|Any CPU
		{E7EC25A4-824D-4718-B856-57E621140263}.Debug|Any CPU.ActiveCfg = Debug|Any CPU
		{E7EC25A4-824D-4718-B856-57E621140263}.Debug|Any CPU.Build.0 = Debug|Any CPU
		{E7EC25A4-824D-4718-B856-57E621140263}.Release|Any CPU.ActiveCfg = Release|Any CPU
		{E7EC25A4-824D-4718-B856-57E621140263}.Release|Any CPU.Build.0 = Release|Any CPU
		{31C42090-41B7-4D11-9973-EA3DCBB51B57}.Debug|Any CPU.ActiveCfg = Debug|Any CPU
		{31C42090-41B7-4D11-9973-EA3DCBB51B57}.Debug|Any CPU.Build.0 = Debug|Any CPU
		{31C42090-41B7-4D11-9973-EA3DCBB51B57}.Release|Any CPU.ActiveCfg = Release|Any CPU
		{31C42090-41B7-4D11-9973-EA3DCBB51B57}.Release|Any CPU.Build.0 = Release|Any CPU
		{CABECB16-3273-4256-B37F-F16816884398}.Debug|Any CPU.ActiveCfg = Debug|Any CPU
		{CABECB16-3273-4256-B37F-F16816884398}.Debug|Any CPU.Build.0 = Debug|Any CPU
		{CABECB16-3273-4256-B37F-F16816884398}.Release|Any CPU.ActiveCfg = Release|Any CPU
		{CABECB16-3273-4256-B37F-F16816884398}.Release|Any CPU.Build.0 = Release|Any CPU
		{7B5DFB28-AB3F-402D-8925-68BA567C8235}.Debug|Any CPU.ActiveCfg = Debug|Any CPU
		{7B5DFB28-AB3F-402D-8925-68BA567C8235}.Debug|Any CPU.Build.0 = Debug|Any CPU
		{7B5DFB28-AB3F-402D-8925-68BA567C8235}.Release|Any CPU.ActiveCfg = Release|Any CPU
		{7B5DFB28-AB3F-402D-8925-68BA567C8235}.Release|Any CPU.Build.0 = Release|Any CPU
		{87B21B44-DA08-4295-AF8B-D2DFE4A52464}.Debug|Any CPU.ActiveCfg = Debug|Any CPU
		{87B21B44-DA08-4295-AF8B-D2DFE4A52464}.Debug|Any CPU.Build.0 = Debug|Any CPU
		{87B21B44-DA08-4295-AF8B-D2DFE4A52464}.Release|Any CPU.ActiveCfg = Release|Any CPU
		{87B21B44-DA08-4295-AF8B-D2DFE4A52464}.Release|Any CPU.Build.0 = Release|Any CPU
		{FDEF6799-36D2-4605-BD09-59C93087CCCC}.Debug|Any CPU.ActiveCfg = Debug|Any CPU
		{FDEF6799-36D2-4605-BD09-59C93087CCCC}.Debug|Any CPU.Build.0 = Debug|Any CPU
		{FDEF6799-36D2-4605-BD09-59C93087CCCC}.Release|Any CPU.ActiveCfg = Release|Any CPU
		{FDEF6799-36D2-4605-BD09-59C93087CCCC}.Release|Any CPU.Build.0 = Release|Any CPU
		{7F3F7B5B-CCEE-4627-9209-96BFA5CFC5BD}.Debug|Any CPU.ActiveCfg = Debug|Any CPU
		{7F3F7B5B-CCEE-4627-9209-96BFA5CFC5BD}.Debug|Any CPU.Build.0 = Debug|Any CPU
		{7F3F7B5B-CCEE-4627-9209-96BFA5CFC5BD}.Release|Any CPU.ActiveCfg = Release|Any CPU
		{7F3F7B5B-CCEE-4627-9209-96BFA5CFC5BD}.Release|Any CPU.Build.0 = Release|Any CPU
		{378053C3-9F34-4654-A3F3-08A740D0BD80}.Debug|Any CPU.ActiveCfg = Debug|Any CPU
		{378053C3-9F34-4654-A3F3-08A740D0BD80}.Debug|Any CPU.Build.0 = Debug|Any CPU
		{378053C3-9F34-4654-A3F3-08A740D0BD80}.Release|Any CPU.ActiveCfg = Release|Any CPU
		{378053C3-9F34-4654-A3F3-08A740D0BD80}.Release|Any CPU.Build.0 = Release|Any CPU
		{3F75AFE6-3239-4467-B8DE-701012D9C8D4}.Debug|Any CPU.ActiveCfg = Debug|Any CPU
		{3F75AFE6-3239-4467-B8DE-701012D9C8D4}.Debug|Any CPU.Build.0 = Debug|Any CPU
		{3F75AFE6-3239-4467-B8DE-701012D9C8D4}.Release|Any CPU.ActiveCfg = Release|Any CPU
		{3F75AFE6-3239-4467-B8DE-701012D9C8D4}.Release|Any CPU.Build.0 = Release|Any CPU
		{B4672CFE-3A5F-4972-9C05-CBEE2B3C346E}.Debug|Any CPU.ActiveCfg = Debug|Any CPU
		{B4672CFE-3A5F-4972-9C05-CBEE2B3C346E}.Debug|Any CPU.Build.0 = Debug|Any CPU
		{B4672CFE-3A5F-4972-9C05-CBEE2B3C346E}.Release|Any CPU.ActiveCfg = Release|Any CPU
		{B4672CFE-3A5F-4972-9C05-CBEE2B3C346E}.Release|Any CPU.Build.0 = Release|Any CPU
		{C8FE28E6-2F16-41C9-B9E2-D059C7007E4F}.Debug|Any CPU.ActiveCfg = Debug|Any CPU
		{C8FE28E6-2F16-41C9-B9E2-D059C7007E4F}.Debug|Any CPU.Build.0 = Debug|Any CPU
		{C8FE28E6-2F16-41C9-B9E2-D059C7007E4F}.Release|Any CPU.ActiveCfg = Release|Any CPU
		{C8FE28E6-2F16-41C9-B9E2-D059C7007E4F}.Release|Any CPU.Build.0 = Release|Any CPU
		{0F3B8F39-97A9-42A6-91A4-BC182A24AF2F}.Debug|Any CPU.ActiveCfg = Debug|Any CPU
		{0F3B8F39-97A9-42A6-91A4-BC182A24AF2F}.Debug|Any CPU.Build.0 = Debug|Any CPU
		{0F3B8F39-97A9-42A6-91A4-BC182A24AF2F}.Release|Any CPU.ActiveCfg = Release|Any CPU
		{0F3B8F39-97A9-42A6-91A4-BC182A24AF2F}.Release|Any CPU.Build.0 = Release|Any CPU
		{3D6B5207-322E-44F2-9B3C-94B55A76FAAE}.Debug|Any CPU.ActiveCfg = Debug|Any CPU
		{3D6B5207-322E-44F2-9B3C-94B55A76FAAE}.Debug|Any CPU.Build.0 = Debug|Any CPU
		{3D6B5207-322E-44F2-9B3C-94B55A76FAAE}.Release|Any CPU.ActiveCfg = Release|Any CPU
		{3D6B5207-322E-44F2-9B3C-94B55A76FAAE}.Release|Any CPU.Build.0 = Release|Any CPU
		{40E2F19C-2255-4B13-8668-C3EFF2144285}.Debug|Any CPU.ActiveCfg = Debug|Any CPU
		{40E2F19C-2255-4B13-8668-C3EFF2144285}.Debug|Any CPU.Build.0 = Debug|Any CPU
		{40E2F19C-2255-4B13-8668-C3EFF2144285}.Release|Any CPU.ActiveCfg = Release|Any CPU
		{40E2F19C-2255-4B13-8668-C3EFF2144285}.Release|Any CPU.Build.0 = Release|Any CPU
		{0508B9C9-41F8-4B6F-978C-0B1ED6E3A2FE}.Debug|Any CPU.ActiveCfg = Debug|Any CPU
		{0508B9C9-41F8-4B6F-978C-0B1ED6E3A2FE}.Debug|Any CPU.Build.0 = Debug|Any CPU
		{0508B9C9-41F8-4B6F-978C-0B1ED6E3A2FE}.Release|Any CPU.ActiveCfg = Release|Any CPU
		{0508B9C9-41F8-4B6F-978C-0B1ED6E3A2FE}.Release|Any CPU.Build.0 = Release|Any CPU
	EndGlobalSection
	GlobalSection(SolutionProperties) = preSolution
		HideSolutionNode = FALSE
	EndGlobalSection
	GlobalSection(NestedProjects) = preSolution
		{459D3761-28E2-4508-916F-BCB9ED475377} = {D0B40C8D-1A4F-4EBD-A573-CD9797FEE853}
		{3B64B467-95C0-4E9C-B928-B89C9036733A} = {D0B40C8D-1A4F-4EBD-A573-CD9797FEE853}
		{7D2814C6-B0DF-40FD-80A2-5DC91357E438} = {D0B40C8D-1A4F-4EBD-A573-CD9797FEE853}
		{7D0EDE2E-2D84-43D8-A62D-E403CC95F55B} = {459D3761-28E2-4508-916F-BCB9ED475377}
		{91C7F11D-7DCF-46B5-A5DA-1C8DCC67852C} = {3B64B467-95C0-4E9C-B928-B89C9036733A}
		{43D01EE4-D013-484B-B67C-C5503BE2BE27} = {7D2814C6-B0DF-40FD-80A2-5DC91357E438}
		{1ECE461A-27EA-49BD-93D5-C6AA53F52EA2} = {D0B40C8D-1A4F-4EBD-A573-CD9797FEE853}
		{8C81D702-BE80-44A6-82B7-C1A8A266BE51} = {1ECE461A-27EA-49BD-93D5-C6AA53F52EA2}
		{E7EC25A4-824D-4718-B856-57E621140263} = {B6703D67-6E66-4EDE-ABF3-0B42ADC147D2}
		{B6703D67-6E66-4EDE-ABF3-0B42ADC147D2} = {D0B40C8D-1A4F-4EBD-A573-CD9797FEE853}
		{31C42090-41B7-4D11-9973-EA3DCBB51B57} = {459D3761-28E2-4508-916F-BCB9ED475377}
		{CABECB16-3273-4256-B37F-F16816884398} = {459D3761-28E2-4508-916F-BCB9ED475377}
		{7B5DFB28-AB3F-402D-8925-68BA567C8235} = {3B64B467-95C0-4E9C-B928-B89C9036733A}
		{87B21B44-DA08-4295-AF8B-D2DFE4A52464} = {3B64B467-95C0-4E9C-B928-B89C9036733A}
		{FDEF6799-36D2-4605-BD09-59C93087CCCC} = {7D2814C6-B0DF-40FD-80A2-5DC91357E438}
		{7F3F7B5B-CCEE-4627-9209-96BFA5CFC5BD} = {7D2814C6-B0DF-40FD-80A2-5DC91357E438}
		{5A426BC9-D24C-4263-98EA-FD2905F6FADA} = {D0B40C8D-1A4F-4EBD-A573-CD9797FEE853}
		{378053C3-9F34-4654-A3F3-08A740D0BD80} = {5A426BC9-D24C-4263-98EA-FD2905F6FADA}
		{3F75AFE6-3239-4467-B8DE-701012D9C8D4} = {5A426BC9-D24C-4263-98EA-FD2905F6FADA}
		{B4672CFE-3A5F-4972-9C05-CBEE2B3C346E} = {5A426BC9-D24C-4263-98EA-FD2905F6FADA}
		{C8FE28E6-2F16-41C9-B9E2-D059C7007E4F} = {459D3761-28E2-4508-916F-BCB9ED475377}
		{0F3B8F39-97A9-42A6-91A4-BC182A24AF2F} = {3B64B467-95C0-4E9C-B928-B89C9036733A}
		{3D6B5207-322E-44F2-9B3C-94B55A76FAAE} = {459D3761-28E2-4508-916F-BCB9ED475377}
		{40E2F19C-2255-4B13-8668-C3EFF2144285} = {459D3761-28E2-4508-916F-BCB9ED475377}
		{0508B9C9-41F8-4B6F-978C-0B1ED6E3A2FE} = {3B64B467-95C0-4E9C-B928-B89C9036733A}
	EndGlobalSection
	GlobalSection(ExtensibilityGlobals) = postSolution
		SolutionGuid = {36731754-7558-4DF1-8575-4A4DAA558871}
	EndGlobalSection
EndGlobal
